
Microsoft Visual Studio Solution File, Format Version 12.00
# Visual Studio 15
Project("{FAE04EC0-301F-11D3-BF4B-00C04F79EFBC}") = "Unity.XR.Hands.Samples.VisualizerSample", "Unity.XR.Hands.Samples.VisualizerSample.csproj", "{AA04326F-11B6-0C19-4225-5E7A320BFC6B}"
EndProject
Project("{FAE04EC0-301F-11D3-BF4B-00C04F79EFBC}") = "Unity.XR.Interaction.Toolkit.Samples.StarterAssets", "Unity.XR.Interaction.Toolkit.Samples.StarterAssets.csproj", "{7E69AACB-FBF7-25FF-70E1-FA80453E8716}"
EndProject
Project("{FAE04EC0-301F-11D3-BF4B-00C04F79EFBC}") = "Unity.XR.Interaction.Toolkit.Samples.StarterAssets.Editor", "Unity.XR.Interaction.Toolkit.Samples.StarterAssets.Editor.csproj", "{8A23E5D1-C3B1-52DF-0452-6B230BC06C7C}"
EndProject
Global
	GlobalSection(SolutionConfigurationPlatforms) = preSolution
		Debug|Any CPU = Debug|Any CPU
		Release|Any CPU = Release|Any CPU
	EndGlobalSection
	GlobalSection(ProjectConfigurationPlatforms) = postSolution
		{AA04326F-11B6-0C19-4225-5E7A320BFC6B}.Debug|Any CPU.ActiveCfg = Debug|Any CPU
		{AA04326F-11B6-0C19-4225-5E7A320BFC6B}.Debug|Any CPU.Build.0 = Debug|Any CPU
		{AA04326F-11B6-0C19-4225-5E7A320BFC6B}.Release|Any CPU.ActiveCfg = Release|Any CPU
		{AA04326F-11B6-0C19-4225-5E7A320BFC6B}.Release|Any CPU.Build.0 = Release|Any CPU
		{7E69AACB-FBF7-25FF-70E1-FA80453E8716}.Debug|Any CPU.ActiveCfg = Debug|Any CPU
		{7E69AACB-FBF7-25FF-70E1-FA80453E8716}.Debug|Any CPU.Build.0 = Debug|Any CPU
		{7E69AACB-FBF7-25FF-70E1-FA80453E8716}.Release|Any CPU.ActiveCfg = Release|Any CPU
		{7E69AACB-FBF7-25FF-70E1-FA80453E8716}.Release|Any CPU.Build.0 = Release|Any CPU
		{8A23E5D1-C3B1-52DF-0452-6B230BC06C7C}.Debug|Any CPU.ActiveCfg = Debug|Any CPU
		{8A23E5D1-C3B1-52DF-0452-6B230BC06C7C}.Debug|Any CPU.Build.0 = Debug|Any CPU
		{8A23E5D1-C3B1-52DF-0452-6B230BC06C7C}.Release|Any CPU.ActiveCfg = Release|Any CPU
		{8A23E5D1-C3B1-52DF-0452-6B230BC06C7C}.Release|Any CPU.Build.0 = Release|Any CPU
	EndGlobalSection
	GlobalSection(SolutionProperties) = preSolution
		HideSolutionNode = FALSE
	EndGlobalSection
EndGlobal
